
Microsoft Visual Studio Solution File, Format Version 12.00
# Visual Studio Version 17
VisualStudioVersion = 17.8.34330.188
MinimumVisualStudioVersion = 10.0.40219.1
Project("{FAE04EC0-301F-11D3-BF4B-00C04F79EFBC}") = "maui_diff_sc", "maui_diff_sc\maui_diff_sc.csproj", "{3BF23EC4-9DAA-4E01-A98B-65363771075C}"
EndProject
Global
	GlobalSection(SolutionConfigurationPlatforms) = preSolution
		Debug|Any CPU = Debug|Any CPU
		Release|Any CPU = Release|Any CPU
	EndGlobalSection
	GlobalSection(ProjectConfigurationPlatforms) = postSolution
		{3BF23EC4-9DAA-4E01-A98B-65363771075C}.Debug|Any CPU.ActiveCfg = Debug|Any CPU
		{3BF23EC4-9DAA-4E01-A98B-65363771075C}.Debug|Any CPU.Build.0 = Debug|Any CPU
		{3BF23EC4-9DAA-4E01-A98B-65363771075C}.Debug|Any CPU.Deploy.0 = Debug|Any CPU
		{3BF23EC4-9DAA-4E01-A98B-65363771075C}.Release|Any CPU.ActiveCfg = Release|Any CPU
		{3BF23EC4-9DAA-4E01-A98B-65363771075C}.Release|Any CPU.Build.0 = Release|Any CPU
		{3BF23EC4-9DAA-4E01-A98B-65363771075C}.Release|Any CPU.Deploy.0 = Release|Any CPU
	EndGlobalSection
	GlobalSection(SolutionProperties) = preSolution
		HideSolutionNode = FALSE
	EndGlobalSection
	GlobalSection(ExtensibilityGlobals) = postSolution
		SolutionGuid = {18D08002-938D-4F14-83C8-09B64FC351EF}
	EndGlobalSection
EndGlobal
